
Microsoft Visual Studio Solution File, Format Version 12.00
# Visual Studio Version 17
VisualStudioVersion = 17.3.32929.385
MinimumVisualStudioVersion = 10.0.40219.1
Project("{9A19103F-16F7-4668-BE54-9A1E7A4F7556}") = "TomShowsIt", "TomShowsIt\TomShowsIt.csproj", "{4C5E9C0C-522C-46EF-A211-0F53B820A43A}"
EndProject
Project("{FAE04EC0-301F-11D3-BF4B-00C04F79EFBC}") = "TomShowsIt.Screenshot", "TomShowsIt.Screenshot\TomShowsIt.Screenshot.csproj", "{DFA5337A-3E38-4AD6-A59E-FA08911ACE81}"
EndProject
Project("{FAE04EC0-301F-11D3-BF4B-00C04F79EFBC}") = "TomShowsIt.Editor", "TomShowsIt.Editor\TomShowsIt.Editor.csproj", "{75A42A8B-32B3-48F7-ACE7-24A169A96E6D}"
EndProject
Global
	GlobalSection(SolutionConfigurationPlatforms) = preSolution
		Debug|Any CPU = Debug|Any CPU
		Release|Any CPU = Release|Any CPU
	EndGlobalSection
	GlobalSection(ProjectConfigurationPlatforms) = postSolution
		{4C5E9C0C-522C-46EF-A211-0F53B820A43A}.Debug|Any CPU.ActiveCfg = Debug|Any CPU
		{4C5E9C0C-522C-46EF-A211-0F53B820A43A}.Debug|Any CPU.Build.0 = Debug|Any CPU
		{4C5E9C0C-522C-46EF-A211-0F53B820A43A}.Release|Any CPU.ActiveCfg = Release|Any CPU
		{4C5E9C0C-522C-46EF-A211-0F53B820A43A}.Release|Any CPU.Build.0 = Release|Any CPU
		{DFA5337A-3E38-4AD6-A59E-FA08911ACE81}.Debug|Any CPU.ActiveCfg = Debug|Any CPU
		{DFA5337A-3E38-4AD6-A59E-FA08911ACE81}.Debug|Any CPU.Build.0 = Debug|Any CPU
		{DFA5337A-3E38-4AD6-A59E-FA08911ACE81}.Release|Any CPU.ActiveCfg = Release|Any CPU
		{DFA5337A-3E38-4AD6-A59E-FA08911ACE81}.Release|Any CPU.Build.0 = Release|Any CPU
		{75A42A8B-32B3-48F7-ACE7-24A169A96E6D}.Debug|Any CPU.ActiveCfg = Debug|Any CPU
		{75A42A8B-32B3-48F7-ACE7-24A169A96E6D}.Debug|Any CPU.Build.0 = Debug|Any CPU
		{75A42A8B-32B3-48F7-ACE7-24A169A96E6D}.Release|Any CPU.ActiveCfg = Release|Any CPU
		{75A42A8B-32B3-48F7-ACE7-24A169A96E6D}.Release|Any CPU.Build.0 = Release|Any CPU
	EndGlobalSection
	GlobalSection(SolutionProperties) = preSolution
		HideSolutionNode = FALSE
	EndGlobalSection
	GlobalSection(ExtensibilityGlobals) = postSolution
		SolutionGuid = {875BF240-2D7B-4C44-86A1-D050D20A288B}
	EndGlobalSection
EndGlobal
